
Microsoft Visual Studio Solution File, Format Version 12.00
# Visual Studio 15
VisualStudioVersion = 15.0.28307.271
MinimumVisualStudioVersion = 10.0.40219.1
Project("{FAE04EC0-301F-11D3-BF4B-00C04F79EFBC}") = "LabeCommerce", "LabeCommerce\LabeCommerce.csproj", "{6521DC56-2FE1-484B-81DF-8E1212293FCC}"
EndProject
Global
	GlobalSection(SolutionConfigurationPlatforms) = preSolution
		Debug|Any CPU = Debug|Any CPU
		Release|Any CPU = Release|Any CPU
	EndGlobalSection
	GlobalSection(ProjectConfigurationPlatforms) = postSolution
		{6521DC56-2FE1-484B-81DF-8E1212293FCC}.Debug|Any CPU.ActiveCfg = Debug|Any CPU
		{6521DC56-2FE1-484B-81DF-8E1212293FCC}.Debug|Any CPU.Build.0 = Debug|Any CPU
		{6521DC56-2FE1-484B-81DF-8E1212293FCC}.Release|Any CPU.ActiveCfg = Release|Any CPU
		{6521DC56-2FE1-484B-81DF-8E1212293FCC}.Release|Any CPU.Build.0 = Release|Any CPU
	EndGlobalSection
	GlobalSection(SolutionProperties) = preSolution
		HideSolutionNode = FALSE
	EndGlobalSection
	GlobalSection(ExtensibilityGlobals) = postSolution
		SolutionGuid = {37D4828F-7694-441E-86E4-E671BFAF82E4}
	EndGlobalSection
EndGlobal
